
Microsoft Visual Studio Solution File, Format Version 12.00
# Visual Studio Version 16
VisualStudioVersion = 16.0.32002.261
MinimumVisualStudioVersion = 10.0.40219.1
Project("{9A19103F-16F7-4668-BE54-9A1E7A4F7556}") = "BlazorTest", "BlazorTest\BlazorTest.csproj", "{80A8C1E4-7947-4DBC-B806-63BB3F83203D}"
EndProject
Global
	GlobalSection(SolutionConfigurationPlatforms) = preSolution
		Debug|Any CPU = Debug|Any CPU
		Release|Any CPU = Release|Any CPU
	EndGlobalSection
	GlobalSection(ProjectConfigurationPlatforms) = postSolution
		{80A8C1E4-7947-4DBC-B806-63BB3F83203D}.Debug|Any CPU.ActiveCfg = Debug|Any CPU
		{80A8C1E4-7947-4DBC-B806-63BB3F83203D}.Debug|Any CPU.Build.0 = Debug|Any CPU
		{80A8C1E4-7947-4DBC-B806-63BB3F83203D}.Release|Any CPU.ActiveCfg = Release|Any CPU
		{80A8C1E4-7947-4DBC-B806-63BB3F83203D}.Release|Any CPU.Build.0 = Release|Any CPU
	EndGlobalSection
	GlobalSection(SolutionProperties) = preSolution
		HideSolutionNode = FALSE
	EndGlobalSection
	GlobalSection(ExtensibilityGlobals) = postSolution
		SolutionGuid = {14D42C17-0D9B-472C-8FF9-EADC88ABCD1D}
	EndGlobalSection
	GlobalSection(SourceCodeControl) = preSolution
		SccNumberOfProjects = 2
		SccProjectName0 = BlazorTest
		SccLocalPath0 = .
		SccProvider0 = MSSCCI:Agent\u0020Git
		CanCheckoutShared = false
		SccProjectUniqueName1 = BlazorTest\\BlazorTest.csproj
		SccLocalPath1 = .
		SccProjectFilePathRelativizedFromConnection1 = BlazorTest\\
	EndGlobalSection
EndGlobal
